
Microsoft Visual Studio Solution File, Format Version 12.00
# Visual Studio Version 16
VisualStudioVersion = 16.0.32002.261
MinimumVisualStudioVersion = 10.0.40219.1
Project("{FAE04EC0-301F-11D3-BF4B-00C04F79EFBC}") = "WpfTreeView", "WpfTreeView\WpfTreeView.csproj", "{A94D0BBB-B855-47AB-9DB6-6BB510658823}"
EndProject
Global
	GlobalSection(SolutionConfigurationPlatforms) = preSolution
		Debug|Any CPU = Debug|Any CPU
		Release|Any CPU = Release|Any CPU
	EndGlobalSection
	GlobalSection(ProjectConfigurationPlatforms) = postSolution
		{A94D0BBB-B855-47AB-9DB6-6BB510658823}.Debug|Any CPU.ActiveCfg = Debug|Any CPU
		{A94D0BBB-B855-47AB-9DB6-6BB510658823}.Debug|Any CPU.Build.0 = Debug|Any CPU
		{A94D0BBB-B855-47AB-9DB6-6BB510658823}.Release|Any CPU.ActiveCfg = Release|Any CPU
		{A94D0BBB-B855-47AB-9DB6-6BB510658823}.Release|Any CPU.Build.0 = Release|Any CPU
	EndGlobalSection
	GlobalSection(SolutionProperties) = preSolution
		HideSolutionNode = FALSE
	EndGlobalSection
	GlobalSection(ExtensibilityGlobals) = postSolution
		SolutionGuid = {7CF9A55A-BA98-4DF6-950C-1728600BDEA5}
	EndGlobalSection
EndGlobal
